
Microsoft Visual Studio Solution File, Format Version 12.00
Project("{FAE04EC0-301F-11D3-BF4B-00C04F79EFBC}") = "VostokJsonLogging", "VostokJsonLogging\VostokJsonLogging.csproj", "{9CF289FD-B8F3-42BD-8A6E-6ABD9F67BD6A}"
EndProject
Project("{FAE04EC0-301F-11D3-BF4B-00C04F79EFBC}") = "VostokJsonLogging.Tests", "VostokJsonLogging.Tests\VostokJsonLogging.Tests.csproj", "{B8CAC297-3824-483C-91D8-E564A5C830A4}"
EndProject
Global
	GlobalSection(SolutionConfigurationPlatforms) = preSolution
		Debug|Any CPU = Debug|Any CPU
		Release|Any CPU = Release|Any CPU
	EndGlobalSection
	GlobalSection(ProjectConfigurationPlatforms) = postSolution
		{9CF289FD-B8F3-42BD-8A6E-6ABD9F67BD6A}.Debug|Any CPU.ActiveCfg = Debug|Any CPU
		{9CF289FD-B8F3-42BD-8A6E-6ABD9F67BD6A}.Debug|Any CPU.Build.0 = Debug|Any CPU
		{9CF289FD-B8F3-42BD-8A6E-6ABD9F67BD6A}.Release|Any CPU.ActiveCfg = Release|Any CPU
		{9CF289FD-B8F3-42BD-8A6E-6ABD9F67BD6A}.Release|Any CPU.Build.0 = Release|Any CPU
		{B8CAC297-3824-483C-91D8-E564A5C830A4}.Debug|Any CPU.ActiveCfg = Debug|Any CPU
		{B8CAC297-3824-483C-91D8-E564A5C830A4}.Debug|Any CPU.Build.0 = Debug|Any CPU
		{B8CAC297-3824-483C-91D8-E564A5C830A4}.Release|Any CPU.ActiveCfg = Release|Any CPU
		{B8CAC297-3824-483C-91D8-E564A5C830A4}.Release|Any CPU.Build.0 = Release|Any CPU
	EndGlobalSection
EndGlobal
